// !$*UTF8*$!
{
	archiveVersion = 1;
	classes = {
	};
	objectVersion = 56;
	objects = {

/* Begin PBXBuildFile section */
		4646071E2C54F8AF0032DC89 /* AppDelegate.swift in Sources */ = {isa = PBXBuildFile; fileRef = 4646071D2C54F8AF0032DC89 /* AppDelegate.swift */; };
		464607202C54F8AF0032DC89 /* SceneDelegate.swift in Sources */ = {isa = PBXBuildFile; fileRef = 4646071F2C54F8AF0032DC89 /* SceneDelegate.swift */; };
		464607222C54F8AF0032DC89 /* ViewController.swift in Sources */ = {isa = PBXBuildFile; fileRef = 464607212C54F8AF0032DC89 /* ViewController.swift */; };
		464607252C54F8AF0032DC89 /* Base in Resources */ = {isa = PBXBuildFile; fileRef = 464607242C54F8AF0032DC89 /* Base */; };
		464607282C54F8AF0032DC89 /* FirebaseDeneme.xcdatamodeld in Sources */ = {isa = PBXBuildFile; fileRef = 464607262C54F8AF0032DC89 /* FirebaseDeneme.xcdatamodeld */; };
		4646072A2C54F8B10032DC89 /* Assets.xcassets in Resources */ = {isa = PBXBuildFile; fileRef = 464607292C54F8B10032DC89 /* Assets.xcassets */; };
		4646072D2C54F8B10032DC89 /* Base in Resources */ = {isa = PBXBuildFile; fileRef = 4646072C2C54F8B10032DC89 /* Base */; };
		464607352C54F9A30032DC89 /* GoogleService-Info.plist in Resources */ = {isa = PBXBuildFile; fileRef = 464607342C54F9A30032DC89 /* GoogleService-Info.plist */; };
		464607382C54FA5E0032DC89 /* FirebaseDatabase in Frameworks */ = {isa = PBXBuildFile; productRef = 464607372C54FA5E0032DC89 /* FirebaseDatabase */; };
		4646073A2C54FA5E0032DC89 /* FirebaseFirestore in Frameworks */ = {isa = PBXBuildFile; productRef = 464607392C54FA5E0032DC89 /* FirebaseFirestore */; };
		4646073C2C54FA5E0032DC89 /* FirebaseFirestoreSwift in Frameworks */ = {isa = PBXBuildFile; productRef = 4646073B2C54FA5E0032DC89 /* FirebaseFirestoreSwift */; };
		4646073E2C54FA5E0032DC89 /* FirebaseStorage in Frameworks */ = {isa = PBXBuildFile; productRef = 4646073D2C54FA5E0032DC89 /* FirebaseStorage */; };
		464607422C54FFD60032DC89 /* PlayerModel.swift in Sources */ = {isa = PBXBuildFile; fileRef = 464607412C54FFD60032DC89 /* PlayerModel.swift */; };
		464607442C55097C0032DC89 /* FirestorePlayerRepository.swift in Sources */ = {isa = PBXBuildFile; fileRef = 464607432C55097C0032DC89 /* FirestorePlayerRepository.swift */; };
		464607462C5509C30032DC89 /* FirestoreMatchRepository.swift in Sources */ = {isa = PBXBuildFile; fileRef = 464607452C5509C30032DC89 /* FirestoreMatchRepository.swift */; };
		464607492C550A520032DC89 /* ServiceContainer.swift in Sources */ = {isa = PBXBuildFile; fileRef = 464607482C550A510032DC89 /* ServiceContainer.swift */; };
		4646074B2C555B1C0032DC89 /* UIImageView+Extension.swift in Sources */ = {isa = PBXBuildFile; fileRef = 4646074A2C555B1C0032DC89 /* UIImageView+Extension.swift */; };
		4646074D2C555BC70032DC89 /* FirabaseImageStorage.swift in Sources */ = {isa = PBXBuildFile; fileRef = 4646074C2C555BC70032DC89 /* FirabaseImageStorage.swift */; };
/* End PBXBuildFile section */

/* Begin PBXFileReference section */
		4646071A2C54F8AF0032DC89 /* FirebaseDeneme.app */ = {isa = PBXFileReference; explicitFileType = wrapper.application; includeInIndex = 0; path = FirebaseDeneme.app; sourceTree = BUILT_PRODUCTS_DIR; };
		4646071D2C54F8AF0032DC89 /* AppDelegate.swift */ = {isa = PBXFileReference; lastKnownFileType = sourcecode.swift; path = AppDelegate.swift; sourceTree = "<group>"; };
		4646071F2C54F8AF0032DC89 /* SceneDelegate.swift */ = {isa = PBXFileReference; lastKnownFileType = sourcecode.swift; path = SceneDelegate.swift; sourceTree = "<group>"; };
		464607212C54F8AF0032DC89 /* ViewController.swift */ = {isa = PBXFileReference; lastKnownFileType = sourcecode.swift; path = ViewController.swift; sourceTree = "<group>"; };
		464607242C54F8AF0032DC89 /* Base */ = {isa = PBXFileReference; lastKnownFileType = file.storyboard; name = Base; path = Base.lproj/Main.storyboard; sourceTree = "<group>"; };
		464607272C54F8AF0032DC89 /* FirebaseDeneme.xcdatamodel */ = {isa = PBXFileReference; lastKnownFileType = wrapper.xcdatamodel; path = FirebaseDeneme.xcdatamodel; sourceTree = "<group>"; };
		464607292C54F8B10032DC89 /* Assets.xcassets */ = {isa = PBXFileReference; lastKnownFileType = folder.assetcatalog; path = Assets.xcassets; sourceTree = "<group>"; };
		4646072C2C54F8B10032DC89 /* Base */ = {isa = PBXFileReference; lastKnownFileType = file.storyboard; name = Base; path = Base.lproj/LaunchScreen.storyboard; sourceTree = "<group>"; };
		4646072E2C54F8B10032DC89 /* Info.plist */ = {isa = PBXFileReference; lastKnownFileType = text.plist.xml; path = Info.plist; sourceTree = "<group>"; };
		464607342C54F9A30032DC89 /* GoogleService-Info.plist */ = {isa = PBXFileReference; fileEncoding = 4; lastKnownFileType = text.plist.xml; path = "GoogleService-Info.plist"; sourceTree = "<group>"; };
		464607412C54FFD60032DC89 /* PlayerModel.swift */ = {isa = PBXFileReference; lastKnownFileType = sourcecode.swift; path = PlayerModel.swift; sourceTree = "<group>"; };
		464607432C55097C0032DC89 /* FirestorePlayerRepository.swift */ = {isa = PBXFileReference; lastKnownFileType = sourcecode.swift; path = FirestorePlayerRepository.swift; sourceTree = "<group>"; };
		464607452C5509C30032DC89 /* FirestoreMatchRepository.swift */ = {isa = PBXFileReference; lastKnownFileType = sourcecode.swift; path = FirestoreMatchRepository.swift; sourceTree = "<group>"; };
		464607482C550A510032DC89 /* ServiceContainer.swift */ = {isa = PBXFileReference; lastKnownFileType = sourcecode.swift; path = ServiceContainer.swift; sourceTree = "<group>"; };
		4646074A2C555B1C0032DC89 /* UIImageView+Extension.swift */ = {isa = PBXFileReference; lastKnownFileType = sourcecode.swift; path = "UIImageView+Extension.swift"; sourceTree = "<group>"; };
		4646074C2C555BC70032DC89 /* FirabaseImageStorage.swift */ = {isa = PBXFileReference; lastKnownFileType = sourcecode.swift; path = FirabaseImageStorage.swift; sourceTree = "<group>"; };
/* End PBXFileReference section */

/* Begin PBXFrameworksBuildPhase section */
		464607172C54F8AF0032DC89 /* Frameworks */ = {
			isa = PBXFrameworksBuildPhase;
			buildActionMask = 2147483647;
			files = (
				464607382C54FA5E0032DC89 /* FirebaseDatabase in Frameworks */,
				4646073E2C54FA5E0032DC89 /* FirebaseStorage in Frameworks */,
				4646073A2C54FA5E0032DC89 /* FirebaseFirestore in Frameworks */,
				4646073C2C54FA5E0032DC89 /* FirebaseFirestoreSwift in Frameworks */,
			);
			runOnlyForDeploymentPostprocessing = 0;
		};
/* End PBXFrameworksBuildPhase section */

/* Begin PBXGroup section */
		464607112C54F8AF0032DC89 = {
			isa = PBXGroup;
			children = (
				4646071C2C54F8AF0032DC89 /* FirebaseDeneme */,
				4646071B2C54F8AF0032DC89 /* Products */,
			);
			sourceTree = "<group>";
		};
		4646071B2C54F8AF0032DC89 /* Products */ = {
			isa = PBXGroup;
			children = (
				4646071A2C54F8AF0032DC89 /* FirebaseDeneme.app */,
			);
			name = Products;
			sourceTree = "<group>";
		};
		4646071C2C54F8AF0032DC89 /* FirebaseDeneme */ = {
			isa = PBXGroup;
			children = (
				464607472C550A140032DC89 /* Network */,
				4646071D2C54F8AF0032DC89 /* AppDelegate.swift */,
				4646071F2C54F8AF0032DC89 /* SceneDelegate.swift */,
				464607212C54F8AF0032DC89 /* ViewController.swift */,
				464607232C54F8AF0032DC89 /* Main.storyboard */,
				464607292C54F8B10032DC89 /* Assets.xcassets */,
				4646072B2C54F8B10032DC89 /* LaunchScreen.storyboard */,
				4646072E2C54F8B10032DC89 /* Info.plist */,
				464607262C54F8AF0032DC89 /* FirebaseDeneme.xcdatamodeld */,
				464607342C54F9A30032DC89 /* GoogleService-Info.plist */,
				464607412C54FFD60032DC89 /* PlayerModel.swift */,
				4646074A2C555B1C0032DC89 /* UIImageView+Extension.swift */,
			);
			path = FirebaseDeneme;
			sourceTree = "<group>";
		};
		464607472C550A140032DC89 /* Network */ = {
			isa = PBXGroup;
			children = (
				464607432C55097C0032DC89 /* FirestorePlayerRepository.swift */,
				464607452C5509C30032DC89 /* FirestoreMatchRepository.swift */,
				464607482C550A510032DC89 /* ServiceContainer.swift */,
				4646074C2C555BC70032DC89 /* FirabaseImageStorage.swift */,
			);
			path = Network;
			sourceTree = "<group>";
		};
/* End PBXGroup section */

/* Begin PBXNativeTarget section */
		464607192C54F8AF0032DC89 /* FirebaseDeneme */ = {
			isa = PBXNativeTarget;
			buildConfigurationList = 464607312C54F8B10032DC89 /* Build configuration list for PBXNativeTarget "FirebaseDeneme" */;
			buildPhases = (
				464607162C54F8AF0032DC89 /* Sources */,
				464607172C54F8AF0032DC89 /* Frameworks */,
				464607182C54F8AF0032DC89 /* Resources */,
			);
			buildRules = (
			);
			dependencies = (
			);
			name = FirebaseDeneme;
			packageProductDependencies = (
				464607372C54FA5E0032DC89 /* FirebaseDatabase */,
				464607392C54FA5E0032DC89 /* FirebaseFirestore */,
				4646073B2C54FA5E0032DC89 /* FirebaseFirestoreSwift */,
				4646073D2C54FA5E0032DC89 /* FirebaseStorage */,
			);
			productName = FirebaseDeneme;
			productReference = 4646071A2C54F8AF0032DC89 /* FirebaseDeneme.app */;
			productType = "com.apple.product-type.application";
		};
/* End PBXNativeTarget section */

/* Begin PBXProject section */
		464607122C54F8AF0032DC89 /* Project object */ = {
			isa = PBXProject;
			attributes = {
				BuildIndependentTargetsInParallel = 1;
				LastSwiftUpdateCheck = 1530;
				LastUpgradeCheck = 1530;
				TargetAttributes = {
					464607192C54F8AF0032DC89 = {
						CreatedOnToolsVersion = 15.3;
					};
				};
			};
			buildConfigurationList = 464607152C54F8AF0032DC89 /* Build configuration list for PBXProject "FirebaseDeneme" */;
			compatibilityVersion = "Xcode 14.0";
			developmentRegion = en;
			hasScannedForEncodings = 0;
			knownRegions = (
				en,
				Base,
			);
			mainGroup = 464607112C54F8AF0032DC89;
			packageReferences = (
				464607362C54FA5D0032DC89 /* XCRemoteSwiftPackageReference "firebase-ios-sdk" */,
			);
			productRefGroup = 4646071B2C54F8AF0032DC89 /* Products */;
			projectDirPath = "";
			projectRoot = "";
			targets = (
				464607192C54F8AF0032DC89 /* FirebaseDeneme */,
			);
		};
/* End PBXProject section */

/* Begin PBXResourcesBuildPhase section */
		464607182C54F8AF0032DC89 /* Resources */ = {
			isa = PBXResourcesBuildPhase;
			buildActionMask = 2147483647;
			files = (
				4646072A2C54F8B10032DC89 /* Assets.xcassets in Resources */,
				4646072D2C54F8B10032DC89 /* Base in Resources */,
				464607252C54F8AF0032DC89 /* Base in Resources */,
				464607352C54F9A30032DC89 /* GoogleService-Info.plist in Resources */,
			);
			runOnlyForDeploymentPostprocessing = 0;
		};
/* End PBXResourcesBuildPhase section */

/* Begin PBXSourcesBuildPhase section */
		464607162C54F8AF0032DC89 /* Sources */ = {
			isa = PBXSourcesBuildPhase;
			buildActionMask = 2147483647;
			files = (
				464607422C54FFD60032DC89 /* PlayerModel.swift in Sources */,
				464607462C5509C30032DC89 /* FirestoreMatchRepository.swift in Sources */,
				464607222C54F8AF0032DC89 /* ViewController.swift in Sources */,
				4646074B2C555B1C0032DC89 /* UIImageView+Extension.swift in Sources */,
				464607492C550A520032DC89 /* ServiceContainer.swift in Sources */,
				4646071E2C54F8AF0032DC89 /* AppDelegate.swift in Sources */,
				464607442C55097C0032DC89 /* FirestorePlayerRepository.swift in Sources */,
				464607282C54F8AF0032DC89 /* FirebaseDeneme.xcdatamodeld in Sources */,
				4646074D2C555BC70032DC89 /* FirabaseImageStorage.swift in Sources */,
				464607202C54F8AF0032DC89 /* SceneDelegate.swift in Sources */,
			);
			runOnlyForDeploymentPostprocessing = 0;
		};
/* End PBXSourcesBuildPhase section */

/* Begin PBXVariantGroup section */
		464607232C54F8AF0032DC89 /* Main.storyboard */ = {
			isa = PBXVariantGroup;
			children = (
				464607242C54F8AF0032DC89 /* Base */,
			);
			name = Main.storyboard;
			sourceTree = "<group>";
		};
		4646072B2C54F8B10032DC89 /* LaunchScreen.storyboard */ = {
			isa = PBXVariantGroup;
			children = (
				4646072C2C54F8B10032DC89 /* Base */,
			);
			name = LaunchScreen.storyboard;
			sourceTree = "<group>";
		};
/* End PBXVariantGroup section */

/* Begin XCBuildConfiguration section */
		4646072F2C54F8B10032DC89 /* Debug */ = {
			isa = XCBuildConfiguration;
			buildSettings = {
				ALWAYS_SEARCH_USER_PATHS = NO;
				ASSETCATALOG_COMPILER_GENERATE_SWIFT_ASSET_SYMBOL_EXTENSIONS = YES;
				CLANG_ANALYZER_NONNULL = YES;
				CLANG_ANALYZER_NUMBER_OBJECT_CONVERSION = YES_AGGRESSIVE;
				CLANG_CXX_LANGUAGE_STANDARD = "gnu++20";
				CLANG_ENABLE_MODULES = YES;
				CLANG_ENABLE_OBJC_ARC = YES;
				CLANG_ENABLE_OBJC_WEAK = YES;
				CLANG_WARN_BLOCK_CAPTURE_AUTORELEASING = YES;
				CLANG_WARN_BOOL_CONVERSION = YES;
				CLANG_WARN_COMMA = YES;
				CLANG_WARN_CONSTANT_CONVERSION = YES;
				CLANG_WARN_DEPRECATED_OBJC_IMPLEMENTATIONS = YES;
				CLANG_WARN_DIRECT_OBJC_ISA_USAGE = YES_ERROR;
				CLANG_WARN_DOCUMENTATION_COMMENTS = YES;
				CLANG_WARN_EMPTY_BODY = YES;
				CLANG_WARN_ENUM_CONVERSION = YES;
				CLANG_WARN_INFINITE_RECURSION = YES;
				CLANG_WARN_INT_CONVERSION = YES;
				CLANG_WARN_NON_LITERAL_NULL_CONVERSION = YES;
				CLANG_WARN_OBJC_IMPLICIT_RETAIN_SELF = YES;
				CLANG_WARN_OBJC_LITERAL_CONVERSION = YES;
				CLANG_WARN_OBJC_ROOT_CLASS = YES_ERROR;
				CLANG_WARN_QUOTED_INCLUDE_IN_FRAMEWORK_HEADER = YES;
				CLANG_WARN_RANGE_LOOP_ANALYSIS = YES;
				CLANG_WARN_STRICT_PROTOTYPES = YES;
				CLANG_WARN_SUSPICIOUS_MOVE = YES;
				CLANG_WARN_UNGUARDED_AVAILABILITY = YES_AGGRESSIVE;
				CLANG_WARN_UNREACHABLE_CODE = YES;
				CLANG_WARN__DUPLICATE_METHOD_MATCH = YES;
				COPY_PHASE_STRIP = NO;
				DEBUG_INFORMATION_FORMAT = dwarf;
				ENABLE_STRICT_OBJC_MSGSEND = YES;
				ENABLE_TESTABILITY = YES;
				ENABLE_USER_SCRIPT_SANDBOXING = YES;
				GCC_C_LANGUAGE_STANDARD = gnu17;
				GCC_DYNAMIC_NO_PIC = NO;
				GCC_NO_COMMON_BLOCKS = YES;
				GCC_OPTIMIZATION_LEVEL = 0;
				GCC_PREPROCESSOR_DEFINITIONS = (
					"DEBUG=1",
					"$(inherited)",
				);
				GCC_WARN_64_TO_32_BIT_CONVERSION = YES;
				GCC_WARN_ABOUT_RETURN_TYPE = YES_ERROR;
				GCC_WARN_UNDECLARED_SELECTOR = YES;
				GCC_WARN_UNINITIALIZED_AUTOS = YES_AGGRESSIVE;
				GCC_WARN_UNUSED_FUNCTION = YES;
				GCC_WARN_UNUSED_VARIABLE = YES;
				IPHONEOS_DEPLOYMENT_TARGET = 17.4;
				LOCALIZATION_PREFERS_STRING_CATALOGS = YES;
				MTL_ENABLE_DEBUG_INFO = INCLUDE_SOURCE;
				MTL_FAST_MATH = YES;
				ONLY_ACTIVE_ARCH = YES;
				SDKROOT = iphoneos;
				SWIFT_ACTIVE_COMPILATION_CONDITIONS = "DEBUG $(inherited)";
				SWIFT_OPTIMIZATION_LEVEL = "-Onone";
			};
			name = Debug;
		};
		464607302C54F8B10032DC89 /* Release */ = {
			isa = XCBuildConfiguration;
			buildSettings = {
				ALWAYS_SEARCH_USER_PATHS = NO;
				ASSETCATALOG_COMPILER_GENERATE_SWIFT_ASSET_SYMBOL_EXTENSIONS = YES;
				CLANG_ANALYZER_NONNULL = YES;
				CLANG_ANALYZER_NUMBER_OBJECT_CONVERSION = YES_AGGRESSIVE;
				CLANG_CXX_LANGUAGE_STANDARD = "gnu++20";
				CLANG_ENABLE_MODULES = YES;
				CLANG_ENABLE_OBJC_ARC = YES;
				CLANG_ENABLE_OBJC_WEAK = YES;
				CLANG_WARN_BLOCK_CAPTURE_AUTORELEASING = YES;
				CLANG_WARN_BOOL_CONVERSION = YES;
				CLANG_WARN_COMMA = YES;
				CLANG_WARN_CONSTANT_CONVERSION = YES;
				CLANG_WARN_DEPRECATED_OBJC_IMPLEMENTATIONS = YES;
				CLANG_WARN_DIRECT_OBJC_ISA_USAGE = YES_ERROR;
				CLANG_WARN_DOCUMENTATION_COMMENTS = YES;
				CLANG_WARN_EMPTY_BODY = YES;
				CLANG_WARN_ENUM_CONVERSION = YES;
				CLANG_WARN_INFINITE_RECURSION = YES;
				CLANG_WARN_INT_CONVERSION = YES;
				CLANG_WARN_NON_LITERAL_NULL_CONVERSION = YES;
				CLANG_WARN_OBJC_IMPLICIT_RETAIN_SELF = YES;
				CLANG_WARN_OBJC_LITERAL_CONVERSION = YES;
				CLANG_WARN_OBJC_ROOT_CLASS = YES_ERROR;
				CLANG_WARN_QUOTED_INCLUDE_IN_FRAMEWORK_HEADER = YES;
				CLANG_WARN_RANGE_LOOP_ANALYSIS = YES;
				CLANG_WARN_STRICT_PROTOTYPES = YES;
				CLANG_WARN_SUSPICIOUS_MOVE = YES;
				CLANG_WARN_UNGUARDED_AVAILABILITY = YES_AGGRESSIVE;
				CLANG_WARN_UNREACHABLE_CODE = YES;
				CLANG_WARN__DUPLICATE_METHOD_MATCH = YES;
				COPY_PHASE_STRIP = NO;
				DEBUG_INFORMATION_FORMAT = "dwarf-with-dsym";
				ENABLE_NS_ASSERTIONS = NO;
				ENABLE_STRICT_OBJC_MSGSEND = YES;
				ENABLE_USER_SCRIPT_SANDBOXING = YES;
				GCC_C_LANGUAGE_STANDARD = gnu17;
				GCC_NO_COMMON_BLOCKS = YES;
				GCC_WARN_64_TO_32_BIT_CONVERSION = YES;
				GCC_WARN_ABOUT_RETURN_TYPE = YES_ERROR;
				GCC_WARN_UNDECLARED_SELECTOR = YES;
				GCC_WARN_UNINITIALIZED_AUTOS = YES_AGGRESSIVE;
				GCC_WARN_UNUSED_FUNCTION = YES;
				GCC_WARN_UNUSED_VARIABLE = YES;
				IPHONEOS_DEPLOYMENT_TARGET = 17.4;
				LOCALIZATION_PREFERS_STRING_CATALOGS = YES;
				MTL_ENABLE_DEBUG_INFO = NO;
				MTL_FAST_MATH = YES;
				SDKROOT = iphoneos;
				SWIFT_COMPILATION_MODE = wholemodule;
				VALIDATE_PRODUCT = YES;
			};
			name = Release;
		};
		464607322C54F8B10032DC89 /* Debug */ = {
			isa = XCBuildConfiguration;
			buildSettings = {
				ASSETCATALOG_COMPILER_APPICON_NAME = AppIcon;
				ASSETCATALOG_COMPILER_GLOBAL_ACCENT_COLOR_NAME = AccentColor;
				CODE_SIGN_STYLE = Automatic;
				CURRENT_PROJECT_VERSION = 1;
				DEVELOPMENT_TEAM = H5Z575J4ZY;
				GENERATE_INFOPLIST_FILE = YES;
				INFOPLIST_FILE = FirebaseDeneme/Info.plist;
				INFOPLIST_KEY_UIApplicationSupportsIndirectInputEvents = YES;
				INFOPLIST_KEY_UILaunchStoryboardName = LaunchScreen;
				INFOPLIST_KEY_UIMainStoryboardFile = Main;
				INFOPLIST_KEY_UISupportedInterfaceOrientations_iPad = "UIInterfaceOrientationPortrait UIInterfaceOrientationPortraitUpsideDown UIInterfaceOrientationLandscapeLeft UIInterfaceOrientationLandscapeRight";
				INFOPLIST_KEY_UISupportedInterfaceOrientations_iPhone = "UIInterfaceOrientationPortrait UIInterfaceOrientationLandscapeLeft UIInterfaceOrientationLandscapeRight";
				LD_RUNPATH_SEARCH_PATHS = (
					"$(inherited)",
					"@executable_path/Frameworks",
				);
				MARKETING_VERSION = 1.0;
				PRODUCT_BUNDLE_IDENTIFIER = deneme.FirebaseDeneme;
				PRODUCT_NAME = "$(TARGET_NAME)";
				SWIFT_EMIT_LOC_STRINGS = YES;
				SWIFT_VERSION = 5.0;
				TARGETED_DEVICE_FAMILY = "1,2";
			};
			name = Debug;
		};
		464607332C54F8B10032DC89 /* Release */ = {
			isa = XCBuildConfiguration;
			buildSettings = {
				ASSETCATALOG_COMPILER_APPICON_NAME = AppIcon;
				ASSETCATALOG_COMPILER_GLOBAL_ACCENT_COLOR_NAME = AccentColor;
				CODE_SIGN_STYLE = Automatic;
				CURRENT_PROJECT_VERSION = 1;
				DEVELOPMENT_TEAM = H5Z575J4ZY;
				GENERATE_INFOPLIST_FILE = YES;
				INFOPLIST_FILE = FirebaseDeneme/Info.plist;
				INFOPLIST_KEY_UIApplicationSupportsIndirectInputEvents = YES;
				INFOPLIST_KEY_UILaunchStoryboardName = LaunchScreen;
				INFOPLIST_KEY_UIMainStoryboardFile = Main;
				INFOPLIST_KEY_UISupportedInterfaceOrientations_iPad = "UIInterfaceOrientationPortrait UIInterfaceOrientationPortraitUpsideDown UIInterfaceOrientationLandscapeLeft UIInterfaceOrientationLandscapeRight";
				INFOPLIST_KEY_UISupportedInterfaceOrientations_iPhone = "UIInterfaceOrientationPortrait UIInterfaceOrientationLandscapeLeft UIInterfaceOrientationLandscapeRight";
				LD_RUNPATH_SEARCH_PATHS = (
					"$(inherited)",
					"@executable_path/Frameworks",
				);
				MARKETING_VERSION = 1.0;
				PRODUCT_BUNDLE_IDENTIFIER = deneme.FirebaseDeneme;
				PRODUCT_NAME = "$(TARGET_NAME)";
				SWIFT_EMIT_LOC_STRINGS = YES;
				SWIFT_VERSION = 5.0;
				TARGETED_DEVICE_FAMILY = "1,2";
			};
			name = Release;
		};
/* End XCBuildConfiguration section */

/* Begin XCConfigurationList section */
		464607152C54F8AF0032DC89 /* Build configuration list for PBXProject "FirebaseDeneme" */ = {
			isa = XCConfigurationList;
			buildConfigurations = (
				4646072F2C54F8B10032DC89 /* Debug */,
				464607302C54F8B10032DC89 /* Release */,
			);
			defaultConfigurationIsVisible = 0;
			defaultConfigurationName = Release;
		};
		464607312C54F8B10032DC89 /* Build configuration list for PBXNativeTarget "FirebaseDeneme" */ = {
			isa = XCConfigurationList;
			buildConfigurations = (
				464607322C54F8B10032DC89 /* Debug */,
				464607332C54F8B10032DC89 /* Release */,
			);
			defaultConfigurationIsVisible = 0;
			defaultConfigurationName = Release;
		};
/* End XCConfigurationList section */

/* Begin XCRemoteSwiftPackageReference section */
		464607362C54FA5D0032DC89 /* XCRemoteSwiftPackageReference "firebase-ios-sdk" */ = {
			isa = XCRemoteSwiftPackageReference;
			repositoryURL = "https://github.com/firebase/firebase-ios-sdk";
			requirement = {
				kind = upToNextMajorVersion;
				minimumVersion = 10.29.0;
			};
		};
/* End XCRemoteSwiftPackageReference section */

/* Begin XCSwiftPackageProductDependency section */
		464607372C54FA5E0032DC89 /* FirebaseDatabase */ = {
			isa = XCSwiftPackageProductDependency;
			package = 464607362C54FA5D0032DC89 /* XCRemoteSwiftPackageReference "firebase-ios-sdk" */;
			productName = FirebaseDatabase;
		};
		464607392C54FA5E0032DC89 /* FirebaseFirestore */ = {
			isa = XCSwiftPackageProductDependency;
			package = 464607362C54FA5D0032DC89 /* XCRemoteSwiftPackageReference "firebase-ios-sdk" */;
			productName = FirebaseFirestore;
		};
		4646073B2C54FA5E0032DC89 /* FirebaseFirestoreSwift */ = {
			isa = XCSwiftPackageProductDependency;
			package = 464607362C54FA5D0032DC89 /* XCRemoteSwiftPackageReference "firebase-ios-sdk" */;
			productName = FirebaseFirestoreSwift;
		};
		4646073D2C54FA5E0032DC89 /* FirebaseStorage */ = {
			isa = XCSwiftPackageProductDependency;
			package = 464607362C54FA5D0032DC89 /* XCRemoteSwiftPackageReference "firebase-ios-sdk" */;
			productName = FirebaseStorage;
		};
/* End XCSwiftPackageProductDependency section */

/* Begin XCVersionGroup section */
		464607262C54F8AF0032DC89 /* FirebaseDeneme.xcdatamodeld */ = {
			isa = XCVersionGroup;
			children = (
				464607272C54F8AF0032DC89 /* FirebaseDeneme.xcdatamodel */,
			);
			currentVersion = 464607272C54F8AF0032DC89 /* FirebaseDeneme.xcdatamodel */;
			path = FirebaseDeneme.xcdatamodeld;
			sourceTree = "<group>";
			versionGroupType = wrapper.xcdatamodel;
		};
/* End XCVersionGroup section */
	};
	rootObject = 464607122C54F8AF0032DC89 /* Project object */;
}
